
Microsoft Visual Studio Solution File, Format Version 12.00
# Visual Studio 15
VisualStudioVersion = 15.0.28010.2046
MinimumVisualStudioVersion = 10.0.40219.1
Project("{FAE04EC0-301F-11D3-BF4B-00C04F79EFBC}") = "IT YARD SERVICE", "IT YARD SERVICE\IT YARD SERVICE.csproj", "{BFB48FF7-2BEC-4CC4-9608-083FA92BE763}"
EndProject
Global
	GlobalSection(SolutionConfigurationPlatforms) = preSolution
		Debug|Any CPU = Debug|Any CPU
		Release|Any CPU = Release|Any CPU
	EndGlobalSection
	GlobalSection(ProjectConfigurationPlatforms) = postSolution
		{BFB48FF7-2BEC-4CC4-9608-083FA92BE763}.Debug|Any CPU.ActiveCfg = Debug|Any CPU
		{BFB48FF7-2BEC-4CC4-9608-083FA92BE763}.Debug|Any CPU.Build.0 = Debug|Any CPU
		{BFB48FF7-2BEC-4CC4-9608-083FA92BE763}.Release|Any CPU.ActiveCfg = Release|Any CPU
		{BFB48FF7-2BEC-4CC4-9608-083FA92BE763}.Release|Any CPU.Build.0 = Release|Any CPU
	EndGlobalSection
	GlobalSection(SolutionProperties) = preSolution
		HideSolutionNode = FALSE
	EndGlobalSection
	GlobalSection(ExtensibilityGlobals) = postSolution
		SolutionGuid = {4D47E797-2710-4279-87B1-322682471C5C}
	EndGlobalSection
EndGlobal
